
Microsoft Visual Studio Solution File, Format Version 12.00
# Visual Studio Version 16
VisualStudioVersion = 16.0.30225.117
MinimumVisualStudioVersion = 10.0.40219.1
Project("{FAE04EC0-301F-11D3-BF4B-00C04F79EFBC}") = "ConsoleApp2", "ConsoleApp2\ConsoleApp2.csproj", "{3BF4D447-9D22-4C5B-B34C-A849173C8609}"
EndProject
Global
	GlobalSection(SolutionConfigurationPlatforms) = preSolution
		Debug|Any CPU = Debug|Any CPU
		Release|Any CPU = Release|Any CPU
	EndGlobalSection
	GlobalSection(ProjectConfigurationPlatforms) = postSolution
		{3BF4D447-9D22-4C5B-B34C-A849173C8609}.Debug|Any CPU.ActiveCfg = Debug|Any CPU
		{3BF4D447-9D22-4C5B-B34C-A849173C8609}.Debug|Any CPU.Build.0 = Debug|Any CPU
		{3BF4D447-9D22-4C5B-B34C-A849173C8609}.Release|Any CPU.ActiveCfg = Release|Any CPU
		{3BF4D447-9D22-4C5B-B34C-A849173C8609}.Release|Any CPU.Build.0 = Release|Any CPU
	EndGlobalSection
	GlobalSection(SolutionProperties) = preSolution
		HideSolutionNode = FALSE
	EndGlobalSection
	GlobalSection(ExtensibilityGlobals) = postSolution
		SolutionGuid = {1463DF51-F9D1-40D6-A453-FF6BDE03A9F3}
	EndGlobalSection
EndGlobal
